
Microsoft Visual Studio Solution File, Format Version 12.00
# Visual Studio Version 17
VisualStudioVersion = 17.10.35013.160
MinimumVisualStudioVersion = 10.0.40219.1
Project("{FAE04EC0-301F-11D3-BF4B-00C04F79EFBC}") = "DMAWS_T2305M_NGUYEN TIEN DUNG", "DMAWS_T2305M_NGUYEN TIEN DUNG\DMAWS_T2305M_NGUYEN TIEN DUNG.csproj", "{67156F96-6BC8-47E3-92FE-11B50D3D5084}"
EndProject
Global
	GlobalSection(SolutionConfigurationPlatforms) = preSolution
		Debug|Any CPU = Debug|Any CPU
		Release|Any CPU = Release|Any CPU
	EndGlobalSection
	GlobalSection(ProjectConfigurationPlatforms) = postSolution
		{67156F96-6BC8-47E3-92FE-11B50D3D5084}.Debug|Any CPU.ActiveCfg = Debug|Any CPU
		{67156F96-6BC8-47E3-92FE-11B50D3D5084}.Debug|Any CPU.Build.0 = Debug|Any CPU
		{67156F96-6BC8-47E3-92FE-11B50D3D5084}.Release|Any CPU.ActiveCfg = Release|Any CPU
		{67156F96-6BC8-47E3-92FE-11B50D3D5084}.Release|Any CPU.Build.0 = Release|Any CPU
	EndGlobalSection
	GlobalSection(SolutionProperties) = preSolution
		HideSolutionNode = FALSE
	EndGlobalSection
	GlobalSection(ExtensibilityGlobals) = postSolution
		SolutionGuid = {5DE442A6-85AC-4380-AD03-9C0C940DEE2C}
	EndGlobalSection
EndGlobal
